
Microsoft Visual Studio Solution File, Format Version 12.00
# Visual Studio Version 16
VisualStudioVersion = 16.0.29326.143
MinimumVisualStudioVersion = 10.0.40219.1
Project("{9A19103F-16F7-4668-BE54-9A1E7A4F7556}") = "Andgasm.BB.SeasonParticipant.API", "Andgasm.BB.SeasonParticipant.API\Andgasm.BB.SeasonParticipant.API.csproj", "{8DC5BAAB-0651-4FE0-A259-2EC1526ECAE9}"
EndProject
Project("{9A19103F-16F7-4668-BE54-9A1E7A4F7556}") = "Andgasm.BB.SeasonParticipant.Core", "Andgasm.BB.SeasonParticipant.Core\Andgasm.BB.SeasonParticipant.Core.csproj", "{F0557CA2-3D9D-46FC-AD3C-81DB9C6A2452}"
EndProject
Project("{9A19103F-16F7-4668-BE54-9A1E7A4F7556}") = "Andgasm.BB.SeasonParticipant.API.Tests", "Andgasm.BB.SeasonParticipant.API.Tests\Andgasm.BB.SeasonParticipant.API.Tests.csproj", "{296B10FC-C558-4A55-AAC9-B722C0E9C0AE}"
EndProject
Project("{9A19103F-16F7-4668-BE54-9A1E7A4F7556}") = "Andgasm.BB.SeasonParticipant.Core.Tests", "Andgasm.BB.SeasonParticipant.Core.Tests\Andgasm.BB.SeasonParticipant.Core.Tests.csproj", "{4445B0F9-532B-4692-B802-AAC61ED8F77E}"
EndProject
Project("{2150E333-8FDC-42A3-9474-1A3956D46DE8}") = "Artifacts", "Artifacts", "{07D40E01-E59C-4427-9D1E-26D854C6E0E9}"
	ProjectSection(SolutionItems) = preProject
		..\ReadMe.md = ..\ReadMe.md
	EndProjectSection
EndProject
Project("{2150E333-8FDC-42A3-9474-1A3956D46DE8}") = "Tests", "Tests", "{07E1B697-007C-45B3-91DC-14055A1DC693}"
EndProject
Project("{9A19103F-16F7-4668-BE54-9A1E7A4F7556}") = "Andgasm.BB.SeasonParticipantSvc", "Andgasm.BB.SeasonParticipantSvc\Andgasm.BB.SeasonParticipantSvc.csproj", "{CA05B4C9-0D0F-4394-B216-5AC7661521EF}"
EndProject
Global
	GlobalSection(SolutionConfigurationPlatforms) = preSolution
		Debug|Any CPU = Debug|Any CPU
		Release|Any CPU = Release|Any CPU
	EndGlobalSection
	GlobalSection(ProjectConfigurationPlatforms) = postSolution
		{8DC5BAAB-0651-4FE0-A259-2EC1526ECAE9}.Debug|Any CPU.ActiveCfg = Debug|Any CPU
		{8DC5BAAB-0651-4FE0-A259-2EC1526ECAE9}.Debug|Any CPU.Build.0 = Debug|Any CPU
		{8DC5BAAB-0651-4FE0-A259-2EC1526ECAE9}.Release|Any CPU.ActiveCfg = Release|Any CPU
		{8DC5BAAB-0651-4FE0-A259-2EC1526ECAE9}.Release|Any CPU.Build.0 = Release|Any CPU
		{F0557CA2-3D9D-46FC-AD3C-81DB9C6A2452}.Debug|Any CPU.ActiveCfg = Debug|Any CPU
		{F0557CA2-3D9D-46FC-AD3C-81DB9C6A2452}.Debug|Any CPU.Build.0 = Debug|Any CPU
		{F0557CA2-3D9D-46FC-AD3C-81DB9C6A2452}.Release|Any CPU.ActiveCfg = Release|Any CPU
		{F0557CA2-3D9D-46FC-AD3C-81DB9C6A2452}.Release|Any CPU.Build.0 = Release|Any CPU
		{296B10FC-C558-4A55-AAC9-B722C0E9C0AE}.Debug|Any CPU.ActiveCfg = Debug|Any CPU
		{296B10FC-C558-4A55-AAC9-B722C0E9C0AE}.Debug|Any CPU.Build.0 = Debug|Any CPU
		{296B10FC-C558-4A55-AAC9-B722C0E9C0AE}.Release|Any CPU.ActiveCfg = Release|Any CPU
		{296B10FC-C558-4A55-AAC9-B722C0E9C0AE}.Release|Any CPU.Build.0 = Release|Any CPU
		{4445B0F9-532B-4692-B802-AAC61ED8F77E}.Debug|Any CPU.ActiveCfg = Debug|Any CPU
		{4445B0F9-532B-4692-B802-AAC61ED8F77E}.Debug|Any CPU.Build.0 = Debug|Any CPU
		{4445B0F9-532B-4692-B802-AAC61ED8F77E}.Release|Any CPU.ActiveCfg = Release|Any CPU
		{4445B0F9-532B-4692-B802-AAC61ED8F77E}.Release|Any CPU.Build.0 = Release|Any CPU
		{CA05B4C9-0D0F-4394-B216-5AC7661521EF}.Debug|Any CPU.ActiveCfg = Debug|Any CPU
		{CA05B4C9-0D0F-4394-B216-5AC7661521EF}.Debug|Any CPU.Build.0 = Debug|Any CPU
		{CA05B4C9-0D0F-4394-B216-5AC7661521EF}.Release|Any CPU.ActiveCfg = Release|Any CPU
		{CA05B4C9-0D0F-4394-B216-5AC7661521EF}.Release|Any CPU.Build.0 = Release|Any CPU
	EndGlobalSection
	GlobalSection(SolutionProperties) = preSolution
		HideSolutionNode = FALSE
	EndGlobalSection
	GlobalSection(NestedProjects) = preSolution
		{296B10FC-C558-4A55-AAC9-B722C0E9C0AE} = {07E1B697-007C-45B3-91DC-14055A1DC693}
		{4445B0F9-532B-4692-B802-AAC61ED8F77E} = {07E1B697-007C-45B3-91DC-14055A1DC693}
	EndGlobalSection
	GlobalSection(ExtensibilityGlobals) = postSolution
		SolutionGuid = {212C1144-4CA9-4957-8607-013EF88FE14E}
	EndGlobalSection
EndGlobal
